// !$*UTF8*$!
{
	archiveVersion = 1;
	classes = {
	};
	objectVersion = 56;
	objects = {

/* Begin PBXBuildFile section */
		037D16562A978321000F4AB8 /* AppDelegate.swift in Sources */ = {isa = PBXBuildFile; fileRef = 037D16552A978321000F4AB8 /* AppDelegate.swift */; };
		037D16582A978321000F4AB8 /* SceneDelegate.swift in Sources */ = {isa = PBXBuildFile; fileRef = 037D16572A978321000F4AB8 /* SceneDelegate.swift */; };
		037D165A2A978321000F4AB8 /* SearchViewController.swift in Sources */ = {isa = PBXBuildFile; fileRef = 037D16592A978321000F4AB8 /* SearchViewController.swift */; };
		037D165D2A978321000F4AB8 /* Main.storyboard in Resources */ = {isa = PBXBuildFile; fileRef = 037D165B2A978321000F4AB8 /* Main.storyboard */; };
		037D16622A978323000F4AB8 /* LaunchScreen.storyboard in Resources */ = {isa = PBXBuildFile; fileRef = 037D16602A978323000F4AB8 /* LaunchScreen.storyboard */; };
		037D166E2A978617000F4AB8 /* SnapKit in Frameworks */ = {isa = PBXBuildFile; productRef = 037D166D2A978617000F4AB8 /* SnapKit */; };
		037D16712A978892000F4AB8 /* Assets.xcassets in Resources */ = {isa = PBXBuildFile; fileRef = 037D16702A978892000F4AB8 /* Assets.xcassets */; };
		037D16732A97889F000F4AB8 /* Constants.swift in Sources */ = {isa = PBXBuildFile; fileRef = 037D16722A97889F000F4AB8 /* Constants.swift */; };
		037D16792A97A52A000F4AB8 /* Alamofire in Frameworks */ = {isa = PBXBuildFile; productRef = 037D16782A97A52A000F4AB8 /* Alamofire */; };
		037D167E2A97B205000F4AB8 /* NetworkManager.swift in Sources */ = {isa = PBXBuildFile; fileRef = 037D167D2A97B205000F4AB8 /* NetworkManager.swift */; };
		037D16B72A9A40AB000F4AB8 /* SearchView.swift in Sources */ = {isa = PBXBuildFile; fileRef = 037D16B62A9A40AB000F4AB8 /* SearchView.swift */; };
		037D16BA2A9A410F000F4AB8 /* FilmCell.swift in Sources */ = {isa = PBXBuildFile; fileRef = 037D16B92A9A410F000F4AB8 /* FilmCell.swift */; };
		037D16BD2A9A4148000F4AB8 /* DetailView.swift in Sources */ = {isa = PBXBuildFile; fileRef = 037D16BC2A9A4148000F4AB8 /* DetailView.swift */; };
		037D16BF2A9A4158000F4AB8 /* DetailViewController.swift in Sources */ = {isa = PBXBuildFile; fileRef = 037D16BE2A9A4158000F4AB8 /* DetailViewController.swift */; };
		037D16C22A9A49E7000F4AB8 /* Kingfisher in Frameworks */ = {isa = PBXBuildFile; productRef = 037D16C12A9A49E7000F4AB8 /* Kingfisher */; };
		037D16C42A9A4AF4000F4AB8 /* StackView+Extension.swift in Sources */ = {isa = PBXBuildFile; fileRef = 037D16C32A9A4AF4000F4AB8 /* StackView+Extension.swift */; };
		037D16C82A9A629E000F4AB8 /* ViewController+Extension.swift in Sources */ = {isa = PBXBuildFile; fileRef = 037D16C72A9A629E000F4AB8 /* ViewController+Extension.swift */; };
		037D16CA2A9A96C3000F4AB8 /* View+Extension.swift in Sources */ = {isa = PBXBuildFile; fileRef = 037D16C92A9A96C3000F4AB8 /* View+Extension.swift */; };
		037D16CC2A9AA6CC000F4AB8 /* NetworkModel.swift in Sources */ = {isa = PBXBuildFile; fileRef = 037D16CB2A9AA6CC000F4AB8 /* NetworkModel.swift */; };
		2A90CDCC9DA250C88DBDF60E /* Pods_Kinobox.framework in Frameworks */ = {isa = PBXBuildFile; fileRef = 611F3EF9B90766DA9851FDE3 /* Pods_Kinobox.framework */; };
/* End PBXBuildFile section */

/* Begin PBXFileReference section */
		037D16522A978321000F4AB8 /* Kinobox.app */ = {isa = PBXFileReference; explicitFileType = wrapper.application; includeInIndex = 0; path = Kinobox.app; sourceTree = BUILT_PRODUCTS_DIR; };
		037D16552A978321000F4AB8 /* AppDelegate.swift */ = {isa = PBXFileReference; lastKnownFileType = sourcecode.swift; path = AppDelegate.swift; sourceTree = "<group>"; };
		037D16572A978321000F4AB8 /* SceneDelegate.swift */ = {isa = PBXFileReference; lastKnownFileType = sourcecode.swift; path = SceneDelegate.swift; sourceTree = "<group>"; };
		037D16592A978321000F4AB8 /* SearchViewController.swift */ = {isa = PBXFileReference; lastKnownFileType = sourcecode.swift; path = SearchViewController.swift; sourceTree = "<group>"; };
		037D165C2A978321000F4AB8 /* Base */ = {isa = PBXFileReference; lastKnownFileType = file.storyboard; name = Base; path = Base.lproj/Main.storyboard; sourceTree = "<group>"; };
		037D16612A978323000F4AB8 /* Base */ = {isa = PBXFileReference; lastKnownFileType = file.storyboard; name = Base; path = Base.lproj/LaunchScreen.storyboard; sourceTree = "<group>"; };
		037D16632A978323000F4AB8 /* Info.plist */ = {isa = PBXFileReference; lastKnownFileType = text.plist.xml; path = Info.plist; sourceTree = "<group>"; };
		037D16702A978892000F4AB8 /* Assets.xcassets */ = {isa = PBXFileReference; lastKnownFileType = folder.assetcatalog; path = Assets.xcassets; sourceTree = "<group>"; };
		037D16722A97889F000F4AB8 /* Constants.swift */ = {isa = PBXFileReference; lastKnownFileType = sourcecode.swift; path = Constants.swift; sourceTree = "<group>"; };
		037D167D2A97B205000F4AB8 /* NetworkManager.swift */ = {isa = PBXFileReference; lastKnownFileType = sourcecode.swift; path = NetworkManager.swift; sourceTree = "<group>"; };
		037D16B62A9A40AB000F4AB8 /* SearchView.swift */ = {isa = PBXFileReference; lastKnownFileType = sourcecode.swift; path = SearchView.swift; sourceTree = "<group>"; };
		037D16B92A9A410F000F4AB8 /* FilmCell.swift */ = {isa = PBXFileReference; lastKnownFileType = sourcecode.swift; path = FilmCell.swift; sourceTree = "<group>"; };
		037D16BC2A9A4148000F4AB8 /* DetailView.swift */ = {isa = PBXFileReference; lastKnownFileType = sourcecode.swift; path = DetailView.swift; sourceTree = "<group>"; };
		037D16BE2A9A4158000F4AB8 /* DetailViewController.swift */ = {isa = PBXFileReference; lastKnownFileType = sourcecode.swift; path = DetailViewController.swift; sourceTree = "<group>"; };
		037D16C32A9A4AF4000F4AB8 /* StackView+Extension.swift */ = {isa = PBXFileReference; lastKnownFileType = sourcecode.swift; path = "StackView+Extension.swift"; sourceTree = "<group>"; };
		037D16C72A9A629E000F4AB8 /* ViewController+Extension.swift */ = {isa = PBXFileReference; lastKnownFileType = sourcecode.swift; path = "ViewController+Extension.swift"; sourceTree = "<group>"; };
		037D16C92A9A96C3000F4AB8 /* View+Extension.swift */ = {isa = PBXFileReference; lastKnownFileType = sourcecode.swift; path = "View+Extension.swift"; sourceTree = "<group>"; };
		037D16CB2A9AA6CC000F4AB8 /* NetworkModel.swift */ = {isa = PBXFileReference; lastKnownFileType = sourcecode.swift; path = NetworkModel.swift; sourceTree = "<group>"; };
		611F3EF9B90766DA9851FDE3 /* Pods_Kinobox.framework */ = {isa = PBXFileReference; explicitFileType = wrapper.framework; includeInIndex = 0; path = Pods_Kinobox.framework; sourceTree = BUILT_PRODUCTS_DIR; };
		E7FDBDD395165A349D19985D /* Pods-Kinobox.release.xcconfig */ = {isa = PBXFileReference; includeInIndex = 1; lastKnownFileType = text.xcconfig; name = "Pods-Kinobox.release.xcconfig"; path = "Target Support Files/Pods-Kinobox/Pods-Kinobox.release.xcconfig"; sourceTree = "<group>"; };
		FBD3A455216990FC7866A75E /* Pods-Kinobox.debug.xcconfig */ = {isa = PBXFileReference; includeInIndex = 1; lastKnownFileType = text.xcconfig; name = "Pods-Kinobox.debug.xcconfig"; path = "Target Support Files/Pods-Kinobox/Pods-Kinobox.debug.xcconfig"; sourceTree = "<group>"; };
/* End PBXFileReference section */

/* Begin PBXFrameworksBuildPhase section */
		037D164F2A978321000F4AB8 /* Frameworks */ = {
			isa = PBXFrameworksBuildPhase;
			buildActionMask = 2147483647;
			files = (
				037D16C22A9A49E7000F4AB8 /* Kingfisher in Frameworks */,
				037D166E2A978617000F4AB8 /* SnapKit in Frameworks */,
				037D16792A97A52A000F4AB8 /* Alamofire in Frameworks */,
				2A90CDCC9DA250C88DBDF60E /* Pods_Kinobox.framework in Frameworks */,
			);
			runOnlyForDeploymentPostprocessing = 0;
		};
/* End PBXFrameworksBuildPhase section */

/* Begin PBXGroup section */
		037D16492A978321000F4AB8 = {
			isa = PBXGroup;
			children = (
				037D16542A978321000F4AB8 /* Kinobox */,
				037D16532A978321000F4AB8 /* Products */,
				10DDCD3858B26DC75CAB3118 /* Pods */,
				9028EFB7D8BA038BBEFDC692 /* Frameworks */,
			);
			sourceTree = "<group>";
		};
		037D16532A978321000F4AB8 /* Products */ = {
			isa = PBXGroup;
			children = (
				037D16522A978321000F4AB8 /* Kinobox.app */,
			);
			name = Products;
			sourceTree = "<group>";
		};
		037D16542A978321000F4AB8 /* Kinobox */ = {
			isa = PBXGroup;
			children = (
				037D16692A9783D4000F4AB8 /* AppResourses */,
				037D167A2A97AA4B000F4AB8 /* Network */,
				037D16BB2A9A411F000F4AB8 /* Cells */,
				037D16B82A9A40B0000F4AB8 /* Views */,
				037D166A2A9783EC000F4AB8 /* Controllers */,
				037D16742A978D7B000F4AB8 /* Extensions */,
				037D16722A97889F000F4AB8 /* Constants.swift */,
				037D16702A978892000F4AB8 /* Assets.xcassets */,
				037D16632A978323000F4AB8 /* Info.plist */,
				037D166B2A9783FB000F4AB8 /* Storyboards */,
			);
			path = Kinobox;
			sourceTree = "<group>";
		};
		037D16692A9783D4000F4AB8 /* AppResourses */ = {
			isa = PBXGroup;
			children = (
				037D16552A978321000F4AB8 /* AppDelegate.swift */,
				037D16572A978321000F4AB8 /* SceneDelegate.swift */,
			);
			path = AppResourses;
			sourceTree = "<group>";
		};
		037D166A2A9783EC000F4AB8 /* Controllers */ = {
			isa = PBXGroup;
			children = (
				037D16592A978321000F4AB8 /* SearchViewController.swift */,
				037D16BE2A9A4158000F4AB8 /* DetailViewController.swift */,
			);
			path = Controllers;
			sourceTree = "<group>";
		};
		037D166B2A9783FB000F4AB8 /* Storyboards */ = {
			isa = PBXGroup;
			children = (
				037D165B2A978321000F4AB8 /* Main.storyboard */,
				037D16602A978323000F4AB8 /* LaunchScreen.storyboard */,
			);
			path = Storyboards;
			sourceTree = "<group>";
		};
		037D16742A978D7B000F4AB8 /* Extensions */ = {
			isa = PBXGroup;
			children = (
				037D16C32A9A4AF4000F4AB8 /* StackView+Extension.swift */,
				037D16C72A9A629E000F4AB8 /* ViewController+Extension.swift */,
				037D16C92A9A96C3000F4AB8 /* View+Extension.swift */,
			);
			path = Extensions;
			sourceTree = "<group>";
		};
		037D167A2A97AA4B000F4AB8 /* Network */ = {
			isa = PBXGroup;
			children = (
				037D16CB2A9AA6CC000F4AB8 /* NetworkModel.swift */,
				037D167D2A97B205000F4AB8 /* NetworkManager.swift */,
			);
			path = Network;
			sourceTree = "<group>";
		};
		037D16B82A9A40B0000F4AB8 /* Views */ = {
			isa = PBXGroup;
			children = (
				037D16B62A9A40AB000F4AB8 /* SearchView.swift */,
				037D16BC2A9A4148000F4AB8 /* DetailView.swift */,
			);
			path = Views;
			sourceTree = "<group>";
		};
		037D16BB2A9A411F000F4AB8 /* Cells */ = {
			isa = PBXGroup;
			children = (
				037D16B92A9A410F000F4AB8 /* FilmCell.swift */,
			);
			path = Cells;
			sourceTree = "<group>";
		};
		10DDCD3858B26DC75CAB3118 /* Pods */ = {
			isa = PBXGroup;
			children = (
				FBD3A455216990FC7866A75E /* Pods-Kinobox.debug.xcconfig */,
				E7FDBDD395165A349D19985D /* Pods-Kinobox.release.xcconfig */,
			);
			path = Pods;
			sourceTree = "<group>";
		};
		9028EFB7D8BA038BBEFDC692 /* Frameworks */ = {
			isa = PBXGroup;
			children = (
				611F3EF9B90766DA9851FDE3 /* Pods_Kinobox.framework */,
			);
			name = Frameworks;
			sourceTree = "<group>";
		};
/* End PBXGroup section */

/* Begin PBXNativeTarget section */
		037D16512A978321000F4AB8 /* Kinobox */ = {
			isa = PBXNativeTarget;
			buildConfigurationList = 037D16662A978323000F4AB8 /* Build configuration list for PBXNativeTarget "Kinobox" */;
			buildPhases = (
				034A342D2AAA345B006B8CDA /* ShellScript */,
				4B71ACB929FC8810FD5065D8 /* [CP] Check Pods Manifest.lock */,
				037D164E2A978321000F4AB8 /* Sources */,
				037D164F2A978321000F4AB8 /* Frameworks */,
				037D16502A978321000F4AB8 /* Resources */,
			);
			buildRules = (
			);
			dependencies = (
			);
			name = Kinobox;
			packageProductDependencies = (
				037D166D2A978617000F4AB8 /* SnapKit */,
				037D16782A97A52A000F4AB8 /* Alamofire */,
				037D16C12A9A49E7000F4AB8 /* Kingfisher */,
			);
			productName = Kinobox;
			productReference = 037D16522A978321000F4AB8 /* Kinobox.app */;
			productType = "com.apple.product-type.application";
		};
/* End PBXNativeTarget section */

/* Begin PBXProject section */
		037D164A2A978321000F4AB8 /* Project object */ = {
			isa = PBXProject;
			attributes = {
				BuildIndependentTargetsInParallel = 1;
				LastSwiftUpdateCheck = 1430;
				LastUpgradeCheck = 1430;
				TargetAttributes = {
					037D16512A978321000F4AB8 = {
						CreatedOnToolsVersion = 14.3.1;
					};
				};
			};
			buildConfigurationList = 037D164D2A978321000F4AB8 /* Build configuration list for PBXProject "Kinobox" */;
			compatibilityVersion = "Xcode 14.0";
			developmentRegion = en;
			hasScannedForEncodings = 0;
			knownRegions = (
				en,
				Base,
			);
			mainGroup = 037D16492A978321000F4AB8;
			packageReferences = (
				037D166C2A978616000F4AB8 /* XCRemoteSwiftPackageReference "SnapKit" */,
				037D16772A97A52A000F4AB8 /* XCRemoteSwiftPackageReference "Alamofire" */,
				037D16C02A9A49E7000F4AB8 /* XCRemoteSwiftPackageReference "Kingfisher" */,
			);
			productRefGroup = 037D16532A978321000F4AB8 /* Products */;
			projectDirPath = "";
			projectRoot = "";
			targets = (
				037D16512A978321000F4AB8 /* Kinobox */,
			);
		};
/* End PBXProject section */

/* Begin PBXResourcesBuildPhase section */
		037D16502A978321000F4AB8 /* Resources */ = {
			isa = PBXResourcesBuildPhase;
			buildActionMask = 2147483647;
			files = (
				037D16622A978323000F4AB8 /* LaunchScreen.storyboard in Resources */,
				037D16712A978892000F4AB8 /* Assets.xcassets in Resources */,
				037D165D2A978321000F4AB8 /* Main.storyboard in Resources */,
			);
			runOnlyForDeploymentPostprocessing = 0;
		};
/* End PBXResourcesBuildPhase section */

/* Begin PBXShellScriptBuildPhase section */
		034A342D2AAA345B006B8CDA /* ShellScript */ = {
			isa = PBXShellScriptBuildPhase;
			alwaysOutOfDate = 1;
			buildActionMask = 2147483647;
			files = (
			);
			inputFileListPaths = (
			);
			inputPaths = (
			);
			outputFileListPaths = (
			);
			outputPaths = (
			);
			runOnlyForDeploymentPostprocessing = 0;
			shellPath = /bin/sh;
			shellScript = "${PODS_ROOT}/SwiftLint/swiftlint\n";
		};
		4B71ACB929FC8810FD5065D8 /* [CP] Check Pods Manifest.lock */ = {
			isa = PBXShellScriptBuildPhase;
			buildActionMask = 2147483647;
			files = (
			);
			inputFileListPaths = (
			);
			inputPaths = (
				"${PODS_PODFILE_DIR_PATH}/Podfile.lock",
				"${PODS_ROOT}/Manifest.lock",
			);
			name = "[CP] Check Pods Manifest.lock";
			outputFileListPaths = (
			);
			outputPaths = (
				"$(DERIVED_FILE_DIR)/Pods-Kinobox-checkManifestLockResult.txt",
			);
			runOnlyForDeploymentPostprocessing = 0;
			shellPath = /bin/sh;
			shellScript = "diff \"${PODS_PODFILE_DIR_PATH}/Podfile.lock\" \"${PODS_ROOT}/Manifest.lock\" > /dev/null\nif [ $? != 0 ] ; then\n    # print error to STDERR\n    echo \"error: The sandbox is not in sync with the Podfile.lock. Run 'pod install' or update your CocoaPods installation.\" >&2\n    exit 1\nfi\n# This output is used by Xcode 'outputs' to avoid re-running this script phase.\necho \"SUCCESS\" > \"${SCRIPT_OUTPUT_FILE_0}\"\n";
			showEnvVarsInLog = 0;
		};
/* End PBXShellScriptBuildPhase section */

/* Begin PBXSourcesBuildPhase section */
		037D164E2A978321000F4AB8 /* Sources */ = {
			isa = PBXSourcesBuildPhase;
			buildActionMask = 2147483647;
			files = (
				037D16BF2A9A4158000F4AB8 /* DetailViewController.swift in Sources */,
				037D16BA2A9A410F000F4AB8 /* FilmCell.swift in Sources */,
				037D16BD2A9A4148000F4AB8 /* DetailView.swift in Sources */,
				037D165A2A978321000F4AB8 /* SearchViewController.swift in Sources */,
				037D16562A978321000F4AB8 /* AppDelegate.swift in Sources */,
				037D16B72A9A40AB000F4AB8 /* SearchView.swift in Sources */,
				037D167E2A97B205000F4AB8 /* NetworkManager.swift in Sources */,
				037D16582A978321000F4AB8 /* SceneDelegate.swift in Sources */,
				037D16C82A9A629E000F4AB8 /* ViewController+Extension.swift in Sources */,
				037D16732A97889F000F4AB8 /* Constants.swift in Sources */,
				037D16CC2A9AA6CC000F4AB8 /* NetworkModel.swift in Sources */,
				037D16CA2A9A96C3000F4AB8 /* View+Extension.swift in Sources */,
				037D16C42A9A4AF4000F4AB8 /* StackView+Extension.swift in Sources */,
			);
			runOnlyForDeploymentPostprocessing = 0;
		};
/* End PBXSourcesBuildPhase section */

/* Begin PBXVariantGroup section */
		037D165B2A978321000F4AB8 /* Main.storyboard */ = {
			isa = PBXVariantGroup;
			children = (
				037D165C2A978321000F4AB8 /* Base */,
			);
			name = Main.storyboard;
			sourceTree = "<group>";
		};
		037D16602A978323000F4AB8 /* LaunchScreen.storyboard */ = {
			isa = PBXVariantGroup;
			children = (
				037D16612A978323000F4AB8 /* Base */,
			);
			name = LaunchScreen.storyboard;
			sourceTree = "<group>";
		};
/* End PBXVariantGroup section */

/* Begin XCBuildConfiguration section */
		037D16642A978323000F4AB8 /* Debug */ = {
			isa = XCBuildConfiguration;
			buildSettings = {
				ALWAYS_SEARCH_USER_PATHS = NO;
				CLANG_ANALYZER_NONNULL = YES;
				CLANG_ANALYZER_NUMBER_OBJECT_CONVERSION = YES_AGGRESSIVE;
				CLANG_CXX_LANGUAGE_STANDARD = "gnu++20";
				CLANG_ENABLE_MODULES = YES;
				CLANG_ENABLE_OBJC_ARC = YES;
				CLANG_ENABLE_OBJC_WEAK = YES;
				CLANG_WARN_BLOCK_CAPTURE_AUTORELEASING = YES;
				CLANG_WARN_BOOL_CONVERSION = YES;
				CLANG_WARN_COMMA = YES;
				CLANG_WARN_CONSTANT_CONVERSION = YES;
				CLANG_WARN_DEPRECATED_OBJC_IMPLEMENTATIONS = YES;
				CLANG_WARN_DIRECT_OBJC_ISA_USAGE = YES_ERROR;
				CLANG_WARN_DOCUMENTATION_COMMENTS = YES;
				CLANG_WARN_EMPTY_BODY = YES;
				CLANG_WARN_ENUM_CONVERSION = YES;
				CLANG_WARN_INFINITE_RECURSION = YES;
				CLANG_WARN_INT_CONVERSION = YES;
				CLANG_WARN_NON_LITERAL_NULL_CONVERSION = YES;
				CLANG_WARN_OBJC_IMPLICIT_RETAIN_SELF = YES;
				CLANG_WARN_OBJC_LITERAL_CONVERSION = YES;
				CLANG_WARN_OBJC_ROOT_CLASS = YES_ERROR;
				CLANG_WARN_QUOTED_INCLUDE_IN_FRAMEWORK_HEADER = YES;
				CLANG_WARN_RANGE_LOOP_ANALYSIS = YES;
				CLANG_WARN_STRICT_PROTOTYPES = YES;
				CLANG_WARN_SUSPICIOUS_MOVE = YES;
				CLANG_WARN_UNGUARDED_AVAILABILITY = YES_AGGRESSIVE;
				CLANG_WARN_UNREACHABLE_CODE = YES;
				CLANG_WARN__DUPLICATE_METHOD_MATCH = YES;
				COPY_PHASE_STRIP = NO;
				DEBUG_INFORMATION_FORMAT = dwarf;
				ENABLE_STRICT_OBJC_MSGSEND = YES;
				ENABLE_TESTABILITY = YES;
				GCC_C_LANGUAGE_STANDARD = gnu11;
				GCC_DYNAMIC_NO_PIC = NO;
				GCC_NO_COMMON_BLOCKS = YES;
				GCC_OPTIMIZATION_LEVEL = 0;
				GCC_PREPROCESSOR_DEFINITIONS = (
					"DEBUG=1",
					"$(inherited)",
				);
				GCC_WARN_64_TO_32_BIT_CONVERSION = YES;
				GCC_WARN_ABOUT_RETURN_TYPE = YES_ERROR;
				GCC_WARN_UNDECLARED_SELECTOR = YES;
				GCC_WARN_UNINITIALIZED_AUTOS = YES_AGGRESSIVE;
				GCC_WARN_UNUSED_FUNCTION = YES;
				GCC_WARN_UNUSED_VARIABLE = YES;
				IPHONEOS_DEPLOYMENT_TARGET = 16.4;
				MTL_ENABLE_DEBUG_INFO = INCLUDE_SOURCE;
				MTL_FAST_MATH = YES;
				ONLY_ACTIVE_ARCH = YES;
				SDKROOT = iphoneos;
				SWIFT_ACTIVE_COMPILATION_CONDITIONS = DEBUG;
				SWIFT_OPTIMIZATION_LEVEL = "-Onone";
			};
			name = Debug;
		};
		037D16652A978323000F4AB8 /* Release */ = {
			isa = XCBuildConfiguration;
			buildSettings = {
				ALWAYS_SEARCH_USER_PATHS = NO;
				CLANG_ANALYZER_NONNULL = YES;
				CLANG_ANALYZER_NUMBER_OBJECT_CONVERSION = YES_AGGRESSIVE;
				CLANG_CXX_LANGUAGE_STANDARD = "gnu++20";
				CLANG_ENABLE_MODULES = YES;
				CLANG_ENABLE_OBJC_ARC = YES;
				CLANG_ENABLE_OBJC_WEAK = YES;
				CLANG_WARN_BLOCK_CAPTURE_AUTORELEASING = YES;
				CLANG_WARN_BOOL_CONVERSION = YES;
				CLANG_WARN_COMMA = YES;
				CLANG_WARN_CONSTANT_CONVERSION = YES;
				CLANG_WARN_DEPRECATED_OBJC_IMPLEMENTATIONS = YES;
				CLANG_WARN_DIRECT_OBJC_ISA_USAGE = YES_ERROR;
				CLANG_WARN_DOCUMENTATION_COMMENTS = YES;
				CLANG_WARN_EMPTY_BODY = YES;
				CLANG_WARN_ENUM_CONVERSION = YES;
				CLANG_WARN_INFINITE_RECURSION = YES;
				CLANG_WARN_INT_CONVERSION = YES;
				CLANG_WARN_NON_LITERAL_NULL_CONVERSION = YES;
				CLANG_WARN_OBJC_IMPLICIT_RETAIN_SELF = YES;
				CLANG_WARN_OBJC_LITERAL_CONVERSION = YES;
				CLANG_WARN_OBJC_ROOT_CLASS = YES_ERROR;
				CLANG_WARN_QUOTED_INCLUDE_IN_FRAMEWORK_HEADER = YES;
				CLANG_WARN_RANGE_LOOP_ANALYSIS = YES;
				CLANG_WARN_STRICT_PROTOTYPES = YES;
				CLANG_WARN_SUSPICIOUS_MOVE = YES;
				CLANG_WARN_UNGUARDED_AVAILABILITY = YES_AGGRESSIVE;
				CLANG_WARN_UNREACHABLE_CODE = YES;
				CLANG_WARN__DUPLICATE_METHOD_MATCH = YES;
				COPY_PHASE_STRIP = NO;
				DEBUG_INFORMATION_FORMAT = "dwarf-with-dsym";
				ENABLE_NS_ASSERTIONS = NO;
				ENABLE_STRICT_OBJC_MSGSEND = YES;
				GCC_C_LANGUAGE_STANDARD = gnu11;
				GCC_NO_COMMON_BLOCKS = YES;
				GCC_WARN_64_TO_32_BIT_CONVERSION = YES;
				GCC_WARN_ABOUT_RETURN_TYPE = YES_ERROR;
				GCC_WARN_UNDECLARED_SELECTOR = YES;
				GCC_WARN_UNINITIALIZED_AUTOS = YES_AGGRESSIVE;
				GCC_WARN_UNUSED_FUNCTION = YES;
				GCC_WARN_UNUSED_VARIABLE = YES;
				IPHONEOS_DEPLOYMENT_TARGET = 16.4;
				MTL_ENABLE_DEBUG_INFO = NO;
				MTL_FAST_MATH = YES;
				SDKROOT = iphoneos;
				SWIFT_COMPILATION_MODE = wholemodule;
				SWIFT_OPTIMIZATION_LEVEL = "-O";
				VALIDATE_PRODUCT = YES;
			};
			name = Release;
		};
		037D16672A978323000F4AB8 /* Debug */ = {
			isa = XCBuildConfiguration;
			baseConfigurationReference = FBD3A455216990FC7866A75E /* Pods-Kinobox.debug.xcconfig */;
			buildSettings = {
				ASSETCATALOG_COMPILER_APPICON_NAME = AppIcon;
				ASSETCATALOG_COMPILER_GLOBAL_ACCENT_COLOR_NAME = AccentColor;
				CODE_SIGN_STYLE = Automatic;
				CURRENT_PROJECT_VERSION = 1;
				DEVELOPMENT_TEAM = 5G3L9PJKC3;
				GENERATE_INFOPLIST_FILE = YES;
				INFOPLIST_FILE = Kinobox/Info.plist;
				INFOPLIST_KEY_UIApplicationSupportsIndirectInputEvents = YES;
				INFOPLIST_KEY_UILaunchStoryboardName = LaunchScreen;
				INFOPLIST_KEY_UIMainStoryboardFile = Main;
				INFOPLIST_KEY_UISupportedInterfaceOrientations_iPad = "UIInterfaceOrientationPortrait UIInterfaceOrientationPortraitUpsideDown UIInterfaceOrientationLandscapeLeft UIInterfaceOrientationLandscapeRight";
				INFOPLIST_KEY_UISupportedInterfaceOrientations_iPhone = "UIInterfaceOrientationPortrait UIInterfaceOrientationLandscapeLeft UIInterfaceOrientationLandscapeRight";
				LD_RUNPATH_SEARCH_PATHS = (
					"$(inherited)",
					"@executable_path/Frameworks",
				);
				MARKETING_VERSION = 1.0;
				PRODUCT_BUNDLE_IDENTIFIER = sashabravos.Kinobox;
				PRODUCT_NAME = "$(TARGET_NAME)";
				SWIFT_EMIT_LOC_STRINGS = YES;
				SWIFT_VERSION = 5.0;
				TARGETED_DEVICE_FAMILY = "1,2";
			};
			name = Debug;
		};
		037D16682A978323000F4AB8 /* Release */ = {
			isa = XCBuildConfiguration;
			baseConfigurationReference = E7FDBDD395165A349D19985D /* Pods-Kinobox.release.xcconfig */;
			buildSettings = {
				ASSETCATALOG_COMPILER_APPICON_NAME = AppIcon;
				ASSETCATALOG_COMPILER_GLOBAL_ACCENT_COLOR_NAME = AccentColor;
				CODE_SIGN_STYLE = Automatic;
				CURRENT_PROJECT_VERSION = 1;
				DEVELOPMENT_TEAM = 5G3L9PJKC3;
				GENERATE_INFOPLIST_FILE = YES;
				INFOPLIST_FILE = Kinobox/Info.plist;
				INFOPLIST_KEY_UIApplicationSupportsIndirectInputEvents = YES;
				INFOPLIST_KEY_UILaunchStoryboardName = LaunchScreen;
				INFOPLIST_KEY_UIMainStoryboardFile = Main;
				INFOPLIST_KEY_UISupportedInterfaceOrientations_iPad = "UIInterfaceOrientationPortrait UIInterfaceOrientationPortraitUpsideDown UIInterfaceOrientationLandscapeLeft UIInterfaceOrientationLandscapeRight";
				INFOPLIST_KEY_UISupportedInterfaceOrientations_iPhone = "UIInterfaceOrientationPortrait UIInterfaceOrientationLandscapeLeft UIInterfaceOrientationLandscapeRight";
				LD_RUNPATH_SEARCH_PATHS = (
					"$(inherited)",
					"@executable_path/Frameworks",
				);
				MARKETING_VERSION = 1.0;
				PRODUCT_BUNDLE_IDENTIFIER = sashabravos.Kinobox;
				PRODUCT_NAME = "$(TARGET_NAME)";
				SWIFT_EMIT_LOC_STRINGS = YES;
				SWIFT_VERSION = 5.0;
				TARGETED_DEVICE_FAMILY = "1,2";
			};
			name = Release;
		};
/* End XCBuildConfiguration section */

/* Begin XCConfigurationList section */
		037D164D2A978321000F4AB8 /* Build configuration list for PBXProject "Kinobox" */ = {
			isa = XCConfigurationList;
			buildConfigurations = (
				037D16642A978323000F4AB8 /* Debug */,
				037D16652A978323000F4AB8 /* Release */,
			);
			defaultConfigurationIsVisible = 0;
			defaultConfigurationName = Release;
		};
		037D16662A978323000F4AB8 /* Build configuration list for PBXNativeTarget "Kinobox" */ = {
			isa = XCConfigurationList;
			buildConfigurations = (
				037D16672A978323000F4AB8 /* Debug */,
				037D16682A978323000F4AB8 /* Release */,
			);
			defaultConfigurationIsVisible = 0;
			defaultConfigurationName = Release;
		};
/* End XCConfigurationList section */

/* Begin XCRemoteSwiftPackageReference section */
		037D166C2A978616000F4AB8 /* XCRemoteSwiftPackageReference "SnapKit" */ = {
			isa = XCRemoteSwiftPackageReference;
			repositoryURL = "https://github.com/SnapKit/SnapKit.git";
			requirement = {
				kind = upToNextMajorVersion;
				minimumVersion = 5.0.0;
			};
		};
		037D16772A97A52A000F4AB8 /* XCRemoteSwiftPackageReference "Alamofire" */ = {
			isa = XCRemoteSwiftPackageReference;
			repositoryURL = "https://github.com/Alamofire/Alamofire.git";
			requirement = {
				kind = upToNextMajorVersion;
				minimumVersion = 5.0.0;
			};
		};
		037D16C02A9A49E7000F4AB8 /* XCRemoteSwiftPackageReference "Kingfisher" */ = {
			isa = XCRemoteSwiftPackageReference;
			repositoryURL = "https://github.com/onevcat/Kingfisher.git";
			requirement = {
				kind = upToNextMajorVersion;
				minimumVersion = 7.0.0;
			};
		};
/* End XCRemoteSwiftPackageReference section */

/* Begin XCSwiftPackageProductDependency section */
		037D166D2A978617000F4AB8 /* SnapKit */ = {
			isa = XCSwiftPackageProductDependency;
			package = 037D166C2A978616000F4AB8 /* XCRemoteSwiftPackageReference "SnapKit" */;
			productName = SnapKit;
		};
		037D16782A97A52A000F4AB8 /* Alamofire */ = {
			isa = XCSwiftPackageProductDependency;
			package = 037D16772A97A52A000F4AB8 /* XCRemoteSwiftPackageReference "Alamofire" */;
			productName = Alamofire;
		};
		037D16C12A9A49E7000F4AB8 /* Kingfisher */ = {
			isa = XCSwiftPackageProductDependency;
			package = 037D16C02A9A49E7000F4AB8 /* XCRemoteSwiftPackageReference "Kingfisher" */;
			productName = Kingfisher;
		};
/* End XCSwiftPackageProductDependency section */
	};
	rootObject = 037D164A2A978321000F4AB8 /* Project object */;
}
